{
  "name": "fp",
  "version": "0.0.1",
  "lockfileVersion": 1,
  "dependencies": {
    "zeelib": {
      "version": "0.9.12",
      "resolved": "https://registry.npmjs.org/zeelib/-/zeelib-0.9.12.tgz",
      "integrity": "sha512-y0jJoiHAUktYoUqj0OsPbHJ3bR735KlOUeG7+Ps9QKui6J/ohQ8hZRxBzOW1+JKV0HvJXJ175G/v1vEe2GLgHg=="
    }
  }
}
